// !$*UTF8*$!
{
	archiveVersion = 1;
	classes = {
	};
	objectVersion = 77;
	objects = {

/* Begin PBXContainerItemProxy section */
		C8AB04132CFDF4D4003D54C2 /* PBXContainerItemProxy */ = {
			isa = PBXContainerItemProxy;
			containerPortal = C8AB03FA2CFDF4D2003D54C2 /* Project object */;
			proxyType = 1;
			remoteGlobalIDString = C8AB04012CFDF4D2003D54C2;
			remoteInfo = AnimationSS;
		};
		C8AB041D2CFDF4D4003D54C2 /* PBXContainerItemProxy */ = {
			isa = PBXContainerItemProxy;
			containerPortal = C8AB03FA2CFDF4D2003D54C2 /* Project object */;
			proxyType = 1;
			remoteGlobalIDString = C8AB04012CFDF4D2003D54C2;
			remoteInfo = AnimationSS;
		};
/* End PBXContainerItemProxy section */

/* Begin PBXFileReference section */
		C8AB04022CFDF4D2003D54C2 /* AnimationSS.app */ = {isa = PBXFileReference; explicitFileType = wrapper.application; includeInIndex = 0; path = AnimationSS.app; sourceTree = BUILT_PRODUCTS_DIR; };
		C8AB04122CFDF4D4003D54C2 /* AnimationSSTests.xctest */ = {isa = PBXFileReference; explicitFileType = wrapper.cfbundle; includeInIndex = 0; path = AnimationSSTests.xctest; sourceTree = BUILT_PRODUCTS_DIR; };
		C8AB041C2CFDF4D4003D54C2 /* AnimationSSUITests.xctest */ = {isa = PBXFileReference; explicitFileType = wrapper.cfbundle; includeInIndex = 0; path = AnimationSSUITests.xctest; sourceTree = BUILT_PRODUCTS_DIR; };
/* End PBXFileReference section */

/* Begin PBXFileSystemSynchronizedRootGroup section */
		C8AB04042CFDF4D2003D54C2 /* AnimationSS */ = {
			isa = PBXFileSystemSynchronizedRootGroup;
			path = AnimationSS;
			sourceTree = "<group>";
		};
		C8AB04152CFDF4D4003D54C2 /* AnimationSSTests */ = {
			isa = PBXFileSystemSynchronizedRootGroup;
			path = AnimationSSTests;
			sourceTree = "<group>";
		};
		C8AB041F2CFDF4D4003D54C2 /* AnimationSSUITests */ = {
			isa = PBXFileSystemSynchronizedRootGroup;
			path = AnimationSSUITests;
			sourceTree = "<group>";
		};
/* End PBXFileSystemSynchronizedRootGroup section */

/* Begin PBXFrameworksBuildPhase section */
		C8AB03FF2CFDF4D2003D54C2 /* Frameworks */ = {
			isa = PBXFrameworksBuildPhase;
			buildActionMask = 2147483647;
			files = (
			);
			runOnlyForDeploymentPostprocessing = 0;
		};
		C8AB040F2CFDF4D4003D54C2 /* Frameworks */ = {
			isa = PBXFrameworksBuildPhase;
			buildActionMask = 2147483647;
			files = (
			);
			runOnlyForDeploymentPostprocessing = 0;
		};
		C8AB04192CFDF4D4003D54C2 /* Frameworks */ = {
			isa = PBXFrameworksBuildPhase;
			buildActionMask = 2147483647;
			files = (
			);
			runOnlyForDeploymentPostprocessing = 0;
		};
/* End PBXFrameworksBuildPhase section */

/* Begin PBXGroup section */
		C8AB03F92CFDF4D2003D54C2 = {
			isa = PBXGroup;
			children = (
				C8AB04042CFDF4D2003D54C2 /* AnimationSS */,
				C8AB04152CFDF4D4003D54C2 /* AnimationSSTests */,
				C8AB041F2CFDF4D4003D54C2 /* AnimationSSUITests */,
				C8AB04032CFDF4D2003D54C2 /* Products */,
			);
			sourceTree = "<group>";
		};
		C8AB04032CFDF4D2003D54C2 /* Products */ = {
			isa = PBXGroup;
			children = (
				C8AB04022CFDF4D2003D54C2 /* AnimationSS.app */,
				C8AB04122CFDF4D4003D54C2 /* AnimationSSTests.xctest */,
				C8AB041C2CFDF4D4003D54C2 /* AnimationSSUITests.xctest */,
			);
			name = Products;
			sourceTree = "<group>";
		};
/* End PBXGroup section */

/* Begin PBXNativeTarget section */
		C8AB04012CFDF4D2003D54C2 /* AnimationSS */ = {
			isa = PBXNativeTarget;
			buildConfigurationList = C8AB04262CFDF4D4003D54C2 /* Build configuration list for PBXNativeTarget "AnimationSS" */;
			buildPhases = (
				C8AB03FE2CFDF4D2003D54C2 /* Sources */,
				C8AB03FF2CFDF4D2003D54C2 /* Frameworks */,
				C8AB04002CFDF4D2003D54C2 /* Resources */,
			);
			buildRules = (
			);
			dependencies = (
			);
			fileSystemSynchronizedGroups = (
				C8AB04042CFDF4D2003D54C2 /* AnimationSS */,
			);
			name = AnimationSS;
			packageProductDependencies = (
			);
			productName = AnimationSS;
			productReference = C8AB04022CFDF4D2003D54C2 /* AnimationSS.app */;
			productType = "com.apple.product-type.application";
		};
		C8AB04112CFDF4D4003D54C2 /* AnimationSSTests */ = {
			isa = PBXNativeTarget;
			buildConfigurationList = C8AB04292CFDF4D4003D54C2 /* Build configuration list for PBXNativeTarget "AnimationSSTests" */;
			buildPhases = (
				C8AB040E2CFDF4D4003D54C2 /* Sources */,
				C8AB040F2CFDF4D4003D54C2 /* Frameworks */,
				C8AB04102CFDF4D4003D54C2 /* Resources */,
			);
			buildRules = (
			);
			dependencies = (
				C8AB04142CFDF4D4003D54C2 /* PBXTargetDependency */,
			);
			fileSystemSynchronizedGroups = (
				C8AB04152CFDF4D4003D54C2 /* AnimationSSTests */,
			);
			name = AnimationSSTests;
			packageProductDependencies = (
			);
			productName = AnimationSSTests;
			productReference = C8AB04122CFDF4D4003D54C2 /* AnimationSSTests.xctest */;
			productType = "com.apple.product-type.bundle.unit-test";
		};
		C8AB041B2CFDF4D4003D54C2 /* AnimationSSUITests */ = {
			isa = PBXNativeTarget;
			buildConfigurationList = C8AB042C2CFDF4D4003D54C2 /* Build configuration list for PBXNativeTarget "AnimationSSUITests" */;
			buildPhases = (
				C8AB04182CFDF4D4003D54C2 /* Sources */,
				C8AB04192CFDF4D4003D54C2 /* Frameworks */,
				C8AB041A2CFDF4D4003D54C2 /* Resources */,
			);
			buildRules = (
			);
			dependencies = (
				C8AB041E2CFDF4D4003D54C2 /* PBXTargetDependency */,
			);
			fileSystemSynchronizedGroups = (
				C8AB041F2CFDF4D4003D54C2 /* AnimationSSUITests */,
			);
			name = AnimationSSUITests;
			packageProductDependencies = (
			);
			productName = AnimationSSUITests;
			productReference = C8AB041C2CFDF4D4003D54C2 /* AnimationSSUITests.xctest */;
			productType = "com.apple.product-type.bundle.ui-testing";
		};
/* End PBXNativeTarget section */

/* Begin PBXProject section */
		C8AB03FA2CFDF4D2003D54C2 /* Project object */ = {
			isa = PBXProject;
			attributes = {
				BuildIndependentTargetsInParallel = 1;
				LastSwiftUpdateCheck = 1610;
				LastUpgradeCheck = 1610;
				TargetAttributes = {
					C8AB04012CFDF4D2003D54C2 = {
						CreatedOnToolsVersion = 16.1;
					};
					C8AB04112CFDF4D4003D54C2 = {
						CreatedOnToolsVersion = 16.1;
						TestTargetID = C8AB04012CFDF4D2003D54C2;
					};
					C8AB041B2CFDF4D4003D54C2 = {
						CreatedOnToolsVersion = 16.1;
						TestTargetID = C8AB04012CFDF4D2003D54C2;
					};
				};
			};
			buildConfigurationList = C8AB03FD2CFDF4D2003D54C2 /* Build configuration list for PBXProject "AnimationSS" */;
			developmentRegion = en;
			hasScannedForEncodings = 0;
			knownRegions = (
				en,
				Base,
			);
			mainGroup = C8AB03F92CFDF4D2003D54C2;
			minimizedProjectReferenceProxies = 1;
			preferredProjectObjectVersion = 77;
			productRefGroup = C8AB04032CFDF4D2003D54C2 /* Products */;
			projectDirPath = "";
			projectRoot = "";
			targets = (
				C8AB04012CFDF4D2003D54C2 /* AnimationSS */,
				C8AB04112CFDF4D4003D54C2 /* AnimationSSTests */,
				C8AB041B2CFDF4D4003D54C2 /* AnimationSSUITests */,
			);
		};
/* End PBXProject section */

/* Begin PBXResourcesBuildPhase section */
		C8AB04002CFDF4D2003D54C2 /* Resources */ = {
			isa = PBXResourcesBuildPhase;
			buildActionMask = 2147483647;
			files = (
			);
			runOnlyForDeploymentPostprocessing = 0;
		};
		C8AB04102CFDF4D4003D54C2 /* Resources */ = {
			isa = PBXResourcesBuildPhase;
			buildActionMask = 2147483647;
			files = (
			);
			runOnlyForDeploymentPostprocessing = 0;
		};
		C8AB041A2CFDF4D4003D54C2 /* Resources */ = {
			isa = PBXResourcesBuildPhase;
			buildActionMask = 2147483647;
			files = (
			);
			runOnlyForDeploymentPostprocessing = 0;
		};
/* End PBXResourcesBuildPhase section */

/* Begin PBXSourcesBuildPhase section */
		C8AB03FE2CFDF4D2003D54C2 /* Sources */ = {
			isa = PBXSourcesBuildPhase;
			buildActionMask = 2147483647;
			files = (
			);
			runOnlyForDeploymentPostprocessing = 0;
		};
		C8AB040E2CFDF4D4003D54C2 /* Sources */ = {
			isa = PBXSourcesBuildPhase;
			buildActionMask = 2147483647;
			files = (
			);
			runOnlyForDeploymentPostprocessing = 0;
		};
		C8AB04182CFDF4D4003D54C2 /* Sources */ = {
			isa = PBXSourcesBuildPhase;
			buildActionMask = 2147483647;
			files = (
			);
			runOnlyForDeploymentPostprocessing = 0;
		};
/* End PBXSourcesBuildPhase section */

/* Begin PBXTargetDependency section */
		C8AB04142CFDF4D4003D54C2 /* PBXTargetDependency */ = {
			isa = PBXTargetDependency;
			target = C8AB04012CFDF4D2003D54C2 /* AnimationSS */;
			targetProxy = C8AB04132CFDF4D4003D54C2 /* PBXContainerItemProxy */;
		};
		C8AB041E2CFDF4D4003D54C2 /* PBXTargetDependency */ = {
			isa = PBXTargetDependency;
			target = C8AB04012CFDF4D2003D54C2 /* AnimationSS */;
			targetProxy = C8AB041D2CFDF4D4003D54C2 /* PBXContainerItemProxy */;
		};
/* End PBXTargetDependency section */

/* Begin XCBuildConfiguration section */
		C8AB04242CFDF4D4003D54C2 /* Debug */ = {
			isa = XCBuildConfiguration;
			buildSettings = {
				ALWAYS_SEARCH_USER_PATHS = NO;
				ASSETCATALOG_COMPILER_GENERATE_SWIFT_ASSET_SYMBOL_EXTENSIONS = YES;
				CLANG_ANALYZER_NONNULL = YES;
				CLANG_ANALYZER_NUMBER_OBJECT_CONVERSION = YES_AGGRESSIVE;
				CLANG_CXX_LANGUAGE_STANDARD = "gnu++20";
				CLANG_ENABLE_MODULES = YES;
				CLANG_ENABLE_OBJC_ARC = YES;
				CLANG_ENABLE_OBJC_WEAK = YES;
				CLANG_WARN_BLOCK_CAPTURE_AUTORELEASING = YES;
				CLANG_WARN_BOOL_CONVERSION = YES;
				CLANG_WARN_COMMA = YES;
				CLANG_WARN_CONSTANT_CONVERSION = YES;
				CLANG_WARN_DEPRECATED_OBJC_IMPLEMENTATIONS = YES;
				CLANG_WARN_DIRECT_OBJC_ISA_USAGE = YES_ERROR;
				CLANG_WARN_DOCUMENTATION_COMMENTS = YES;
				CLANG_WARN_EMPTY_BODY = YES;
				CLANG_WARN_ENUM_CONVERSION = YES;
				CLANG_WARN_INFINITE_RECURSION = YES;
				CLANG_WARN_INT_CONVERSION = YES;
				CLANG_WARN_NON_LITERAL_NULL_CONVERSION = YES;
				CLANG_WARN_OBJC_IMPLICIT_RETAIN_SELF = YES;
				CLANG_WARN_OBJC_LITERAL_CONVERSION = YES;
				CLANG_WARN_OBJC_ROOT_CLASS = YES_ERROR;
				CLANG_WARN_QUOTED_INCLUDE_IN_FRAMEWORK_HEADER = YES;
				CLANG_WARN_RANGE_LOOP_ANALYSIS = YES;
				CLANG_WARN_STRICT_PROTOTYPES = YES;
				CLANG_WARN_SUSPICIOUS_MOVE = YES;
				CLANG_WARN_UNGUARDED_AVAILABILITY = YES_AGGRESSIVE;
				CLANG_WARN_UNREACHABLE_CODE = YES;
				CLANG_WARN__DUPLICATE_METHOD_MATCH = YES;
				COPY_PHASE_STRIP = NO;
				DEBUG_INFORMATION_FORMAT = dwarf;
				ENABLE_STRICT_OBJC_MSGSEND = YES;
				ENABLE_TESTABILITY = YES;
				ENABLE_USER_SCRIPT_SANDBOXING = YES;
				GCC_C_LANGUAGE_STANDARD = gnu17;
				GCC_DYNAMIC_NO_PIC = NO;
				GCC_NO_COMMON_BLOCKS = YES;
				GCC_OPTIMIZATION_LEVEL = 0;
				GCC_PREPROCESSOR_DEFINITIONS = (
					"DEBUG=1",
					"$(inherited)",
				);
				GCC_WARN_64_TO_32_BIT_CONVERSION = YES;
				GCC_WARN_ABOUT_RETURN_TYPE = YES_ERROR;
				GCC_WARN_UNDECLARED_SELECTOR = YES;
				GCC_WARN_UNINITIALIZED_AUTOS = YES_AGGRESSIVE;
				GCC_WARN_UNUSED_FUNCTION = YES;
				GCC_WARN_UNUSED_VARIABLE = YES;
				IPHONEOS_DEPLOYMENT_TARGET = 18.1;
				LOCALIZATION_PREFERS_STRING_CATALOGS = YES;
				MTL_ENABLE_DEBUG_INFO = INCLUDE_SOURCE;
				MTL_FAST_MATH = YES;
				ONLY_ACTIVE_ARCH = YES;
				SDKROOT = iphoneos;
				SWIFT_ACTIVE_COMPILATION_CONDITIONS = "DEBUG $(inherited)";
				SWIFT_OPTIMIZATION_LEVEL = "-Onone";
			};
			name = Debug;
		};
		C8AB04252CFDF4D4003D54C2 /* Release */ = {
			isa = XCBuildConfiguration;
			buildSettings = {
				ALWAYS_SEARCH_USER_PATHS = NO;
				ASSETCATALOG_COMPILER_GENERATE_SWIFT_ASSET_SYMBOL_EXTENSIONS = YES;
				CLANG_ANALYZER_NONNULL = YES;
				CLANG_ANALYZER_NUMBER_OBJECT_CONVERSION = YES_AGGRESSIVE;
				CLANG_CXX_LANGUAGE_STANDARD = "gnu++20";
				CLANG_ENABLE_MODULES = YES;
				CLANG_ENABLE_OBJC_ARC = YES;
				CLANG_ENABLE_OBJC_WEAK = YES;
				CLANG_WARN_BLOCK_CAPTURE_AUTORELEASING = YES;
				CLANG_WARN_BOOL_CONVERSION = YES;
				CLANG_WARN_COMMA = YES;
				CLANG_WARN_CONSTANT_CONVERSION = YES;
				CLANG_WARN_DEPRECATED_OBJC_IMPLEMENTATIONS = YES;
				CLANG_WARN_DIRECT_OBJC_ISA_USAGE = YES_ERROR;
				CLANG_WARN_DOCUMENTATION_COMMENTS = YES;
				CLANG_WARN_EMPTY_BODY = YES;
				CLANG_WARN_ENUM_CONVERSION = YES;
				CLANG_WARN_INFINITE_RECURSION = YES;
				CLANG_WARN_INT_CONVERSION = YES;
				CLANG_WARN_NON_LITERAL_NULL_CONVERSION = YES;
				CLANG_WARN_OBJC_IMPLICIT_RETAIN_SELF = YES;
				CLANG_WARN_OBJC_LITERAL_CONVERSION = YES;
				CLANG_WARN_OBJC_ROOT_CLASS = YES_ERROR;
				CLANG_WARN_QUOTED_INCLUDE_IN_FRAMEWORK_HEADER = YES;
				CLANG_WARN_RANGE_LOOP_ANALYSIS = YES;
				CLANG_WARN_STRICT_PROTOTYPES = YES;
				CLANG_WARN_SUSPICIOUS_MOVE = YES;
				CLANG_WARN_UNGUARDED_AVAILABILITY = YES_AGGRESSIVE;
				CLANG_WARN_UNREACHABLE_CODE = YES;
				CLANG_WARN__DUPLICATE_METHOD_MATCH = YES;
				COPY_PHASE_STRIP = NO;
				DEBUG_INFORMATION_FORMAT = "dwarf-with-dsym";
				ENABLE_NS_ASSERTIONS = NO;
				ENABLE_STRICT_OBJC_MSGSEND = YES;
				ENABLE_USER_SCRIPT_SANDBOXING = YES;
				GCC_C_LANGUAGE_STANDARD = gnu17;
				GCC_NO_COMMON_BLOCKS = YES;
				GCC_WARN_64_TO_32_BIT_CONVERSION = YES;
				GCC_WARN_ABOUT_RETURN_TYPE = YES_ERROR;
				GCC_WARN_UNDECLARED_SELECTOR = YES;
				GCC_WARN_UNINITIALIZED_AUTOS = YES_AGGRESSIVE;
				GCC_WARN_UNUSED_FUNCTION = YES;
				GCC_WARN_UNUSED_VARIABLE = YES;
				IPHONEOS_DEPLOYMENT_TARGET = 18.1;
				LOCALIZATION_PREFERS_STRING_CATALOGS = YES;
				MTL_ENABLE_DEBUG_INFO = NO;
				MTL_FAST_MATH = YES;
				SDKROOT = iphoneos;
				SWIFT_COMPILATION_MODE = wholemodule;
				VALIDATE_PRODUCT = YES;
			};
			name = Release;
		};
		C8AB04272CFDF4D4003D54C2 /* Debug */ = {
			isa = XCBuildConfiguration;
			buildSettings = {
				ASSETCATALOG_COMPILER_APPICON_NAME = AppIcon;
				ASSETCATALOG_COMPILER_GLOBAL_ACCENT_COLOR_NAME = AccentColor;
				CODE_SIGN_STYLE = Automatic;
				CURRENT_PROJECT_VERSION = 1;
				DEVELOPMENT_ASSET_PATHS = "\"AnimationSS/Preview Content\"";
				ENABLE_PREVIEWS = YES;
				GENERATE_INFOPLIST_FILE = YES;
				INFOPLIST_KEY_UIApplicationSceneManifest_Generation = YES;
				INFOPLIST_KEY_UIApplicationSupportsIndirectInputEvents = YES;
				INFOPLIST_KEY_UILaunchScreen_Generation = YES;
				INFOPLIST_KEY_UISupportedInterfaceOrientations_iPad = "UIInterfaceOrientationPortrait UIInterfaceOrientationPortraitUpsideDown UIInterfaceOrientationLandscapeLeft UIInterfaceOrientationLandscapeRight";
				INFOPLIST_KEY_UISupportedInterfaceOrientations_iPhone = "UIInterfaceOrientationPortrait UIInterfaceOrientationLandscapeLeft UIInterfaceOrientationLandscapeRight";
				LD_RUNPATH_SEARCH_PATHS = (
					"$(inherited)",
					"@executable_path/Frameworks",
				);
				MARKETING_VERSION = 1.0;
				PRODUCT_BUNDLE_IDENTIFIER = caoviethuy.AnimationSS;
				PRODUCT_NAME = "$(TARGET_NAME)";
				SWIFT_EMIT_LOC_STRINGS = YES;
				SWIFT_VERSION = 5.0;
				TARGETED_DEVICE_FAMILY = "1,2";
			};
			name = Debug;
		};
		C8AB04282CFDF4D4003D54C2 /* Release */ = {
			isa = XCBuildConfiguration;
			buildSettings = {
				ASSETCATALOG_COMPILER_APPICON_NAME = AppIcon;
				ASSETCATALOG_COMPILER_GLOBAL_ACCENT_COLOR_NAME = AccentColor;
				CODE_SIGN_STYLE = Automatic;
				CURRENT_PROJECT_VERSION = 1;
				DEVELOPMENT_ASSET_PATHS = "\"AnimationSS/Preview Content\"";
				ENABLE_PREVIEWS = YES;
				GENERATE_INFOPLIST_FILE = YES;
				INFOPLIST_KEY_UIApplicationSceneManifest_Generation = YES;
				INFOPLIST_KEY_UIApplicationSupportsIndirectInputEvents = YES;
				INFOPLIST_KEY_UILaunchScreen_Generation = YES;
				INFOPLIST_KEY_UISupportedInterfaceOrientations_iPad = "UIInterfaceOrientationPortrait UIInterfaceOrientationPortraitUpsideDown UIInterfaceOrientationLandscapeLeft UIInterfaceOrientationLandscapeRight";
				INFOPLIST_KEY_UISupportedInterfaceOrientations_iPhone = "UIInterfaceOrientationPortrait UIInterfaceOrientationLandscapeLeft UIInterfaceOrientationLandscapeRight";
				LD_RUNPATH_SEARCH_PATHS = (
					"$(inherited)",
					"@executable_path/Frameworks",
				);
				MARKETING_VERSION = 1.0;
				PRODUCT_BUNDLE_IDENTIFIER = caoviethuy.AnimationSS;
				PRODUCT_NAME = "$(TARGET_NAME)";
				SWIFT_EMIT_LOC_STRINGS = YES;
				SWIFT_VERSION = 5.0;
				TARGETED_DEVICE_FAMILY = "1,2";
			};
			name = Release;
		};
		C8AB042A2CFDF4D4003D54C2 /* Debug */ = {
			isa = XCBuildConfiguration;
			buildSettings = {
				BUNDLE_LOADER = "$(TEST_HOST)";
				CODE_SIGN_STYLE = Automatic;
				CURRENT_PROJECT_VERSION = 1;
				GENERATE_INFOPLIST_FILE = YES;
				IPHONEOS_DEPLOYMENT_TARGET = 18.1;
				MARKETING_VERSION = 1.0;
				PRODUCT_BUNDLE_IDENTIFIER = caoviethuy.AnimationSSTests;
				PRODUCT_NAME = "$(TARGET_NAME)";
				SWIFT_EMIT_LOC_STRINGS = NO;
				SWIFT_VERSION = 5.0;
				TARGETED_DEVICE_FAMILY = "1,2";
				TEST_HOST = "$(BUILT_PRODUCTS_DIR)/AnimationSS.app/$(BUNDLE_EXECUTABLE_FOLDER_PATH)/AnimationSS";
			};
			name = Debug;
		};
		C8AB042B2CFDF4D4003D54C2 /* Release */ = {
			isa = XCBuildConfiguration;
			buildSettings = {
				BUNDLE_LOADER = "$(TEST_HOST)";
				CODE_SIGN_STYLE = Automatic;
				CURRENT_PROJECT_VERSION = 1;
				GENERATE_INFOPLIST_FILE = YES;
				IPHONEOS_DEPLOYMENT_TARGET = 18.1;
				MARKETING_VERSION = 1.0;
				PRODUCT_BUNDLE_IDENTIFIER = caoviethuy.AnimationSSTests;
				PRODUCT_NAME = "$(TARGET_NAME)";
				SWIFT_EMIT_LOC_STRINGS = NO;
				SWIFT_VERSION = 5.0;
				TARGETED_DEVICE_FAMILY = "1,2";
				TEST_HOST = "$(BUILT_PRODUCTS_DIR)/AnimationSS.app/$(BUNDLE_EXECUTABLE_FOLDER_PATH)/AnimationSS";
			};
			name = Release;
		};
		C8AB042D2CFDF4D4003D54C2 /* Debug */ = {
			isa = XCBuildConfiguration;
			buildSettings = {
				CODE_SIGN_STYLE = Automatic;
				CURRENT_PROJECT_VERSION = 1;
				GENERATE_INFOPLIST_FILE = YES;
				MARKETING_VERSION = 1.0;
				PRODUCT_BUNDLE_IDENTIFIER = caoviethuy.AnimationSSUITests;
				PRODUCT_NAME = "$(TARGET_NAME)";
				SWIFT_EMIT_LOC_STRINGS = NO;
				SWIFT_VERSION = 5.0;
				TARGETED_DEVICE_FAMILY = "1,2";
				TEST_TARGET_NAME = AnimationSS;
			};
			name = Debug;
		};
		C8AB042E2CFDF4D4003D54C2 /* Release */ = {
			isa = XCBuildConfiguration;
			buildSettings = {
				CODE_SIGN_STYLE = Automatic;
				CURRENT_PROJECT_VERSION = 1;
				GENERATE_INFOPLIST_FILE = YES;
				MARKETING_VERSION = 1.0;
				PRODUCT_BUNDLE_IDENTIFIER = caoviethuy.AnimationSSUITests;
				PRODUCT_NAME = "$(TARGET_NAME)";
				SWIFT_EMIT_LOC_STRINGS = NO;
				SWIFT_VERSION = 5.0;
				TARGETED_DEVICE_FAMILY = "1,2";
				TEST_TARGET_NAME = AnimationSS;
			};
			name = Release;
		};
/* End XCBuildConfiguration section */

/* Begin XCConfigurationList section */
		C8AB03FD2CFDF4D2003D54C2 /* Build configuration list for PBXProject "AnimationSS" */ = {
			isa = XCConfigurationList;
			buildConfigurations = (
				C8AB04242CFDF4D4003D54C2 /* Debug */,
				C8AB04252CFDF4D4003D54C2 /* Release */,
			);
			defaultConfigurationIsVisible = 0;
			defaultConfigurationName = Release;
		};
		C8AB04262CFDF4D4003D54C2 /* Build configuration list for PBXNativeTarget "AnimationSS" */ = {
			isa = XCConfigurationList;
			buildConfigurations = (
				C8AB04272CFDF4D4003D54C2 /* Debug */,
				C8AB04282CFDF4D4003D54C2 /* Release */,
			);
			defaultConfigurationIsVisible = 0;
			defaultConfigurationName = Release;
		};
		C8AB04292CFDF4D4003D54C2 /* Build configuration list for PBXNativeTarget "AnimationSSTests" */ = {
			isa = XCConfigurationList;
			buildConfigurations = (
				C8AB042A2CFDF4D4003D54C2 /* Debug */,
				C8AB042B2CFDF4D4003D54C2 /* Release */,
			);
			defaultConfigurationIsVisible = 0;
			defaultConfigurationName = Release;
		};
		C8AB042C2CFDF4D4003D54C2 /* Build configuration list for PBXNativeTarget "AnimationSSUITests" */ = {
			isa = XCConfigurationList;
			buildConfigurations = (
				C8AB042D2CFDF4D4003D54C2 /* Debug */,
				C8AB042E2CFDF4D4003D54C2 /* Release */,
			);
			defaultConfigurationIsVisible = 0;
			defaultConfigurationName = Release;
		};
/* End XCConfigurationList section */
	};
	rootObject = C8AB03FA2CFDF4D2003D54C2 /* Project object */;
}
